
Microsoft Visual Studio Solution File, Format Version 12.00
# Visual Studio 15
VisualStudioVersion = 15.0.28010.2036
MinimumVisualStudioVersion = 10.0.40219.1
Project("{FAE04EC0-301F-11D3-BF4B-00C04F79EFBC}") = "G Calculator", "G Calculator\G Calculator.csproj", "{76A4989D-ABB5-447A-8D0B-D3BD528D29E6}"
EndProject
Global
	GlobalSection(SolutionConfigurationPlatforms) = preSolution
		Debug|Any CPU = Debug|Any CPU
		Release|Any CPU = Release|Any CPU
	EndGlobalSection
	GlobalSection(ProjectConfigurationPlatforms) = postSolution
		{76A4989D-ABB5-447A-8D0B-D3BD528D29E6}.Debug|Any CPU.ActiveCfg = Debug|Any CPU
		{76A4989D-ABB5-447A-8D0B-D3BD528D29E6}.Debug|Any CPU.Build.0 = Debug|Any CPU
		{76A4989D-ABB5-447A-8D0B-D3BD528D29E6}.Release|Any CPU.ActiveCfg = Release|Any CPU
		{76A4989D-ABB5-447A-8D0B-D3BD528D29E6}.Release|Any CPU.Build.0 = Release|Any CPU
	EndGlobalSection
	GlobalSection(SolutionProperties) = preSolution
		HideSolutionNode = FALSE
	EndGlobalSection
	GlobalSection(ExtensibilityGlobals) = postSolution
		SolutionGuid = {B6093725-DD49-4BF2-86B8-48024E564BC8}
	EndGlobalSection
EndGlobal
